lockfileVersion: '9.0'

settings:
  autoInstallPeers: true
  excludeLinksFromLockfile: false

importers:

  .:
    devDependencies:
      '@types/node':
        specifier: ^24.10.0
        version: 24.10.3
      dprint:
        specifier: ^0.54.0
        version: 0.54.0

packages:

  '@dprint/darwin-arm64@0.54.0':
    resolution: {integrity: sha512-yqRI4enH+BDp+4+ZsPVdZM5h873JK1lN7li9l9A5u4C4cvh1oEsiBWAzEPccRkJ2ctF8LgaizBSxO38sqEVYbw==}
    cpu: [arm64]
    os: [darwin]

  '@dprint/darwin-x64@0.54.0':
    resolution: {integrity: sha512-W9BARpgHypcQwatg5mnHaCpX6pLX5dBxxiv+tZKruhOmq8MKYOrAYDXlceMuHSowmWREfUF5yL4SRgXDGI6WQw==}
    cpu: [x64]
    os: [darwin]

  '@dprint/linux-arm64-glibc@0.54.0':
    resolution: {integrity: sha512-VhM7p70VFuNqxZMdiv1e+nMboPj/hMFlTIBWrRaX7+6VThs9mJr9+94wrUeXgfnfsyaEKSbRFa/dru1PINoSNw==}
    cpu: [arm64]
    os: [linux]
    libc: [glibc]

  '@dprint/linux-arm64-musl@0.54.0':
    resolution: {integrity: sha512-QS1A74Lv60/L9oemHCzbHgOLbV2smSJG5IxS5fjf8ZWetyUt918WDzIHBilz/+uiB+OlW2UVTsm952UG0YOrLw==}
    cpu: [arm64]
    os: [linux]
    libc: [musl]

  '@dprint/linux-loong64-glibc@0.54.0':
    resolution: {integrity: sha512-8Myka2/0KbhuZnEKL6jagPXTgDKVpd/tfXDRa0oibUBgaqOSku6iRMzHGa/PhqHL+s14Gcp+/cIHz0zU3Tkgug==}
    cpu: [loong64]
    os: [linux]
    libc: [glibc]

  '@dprint/linux-loong64-musl@0.54.0':
    resolution: {integrity: sha512-/AN3xCuMhC4PK7Pbj7/4zBuhFGr4m0OHV/5uGTfzpkKX/3+AXoyKl7PbT2VlNMGXAK0kuRThfjtx23gIwlWk7Q==}
    cpu: [loong64]
    os: [linux]
    libc: [musl]

  '@dprint/linux-riscv64-glibc@0.54.0':
    resolution: {integrity: sha512-Aw2vXzzwFDpPbXh6ajsSabVCkCc66C3hCyMKprR/IxYvFtjYX80nh1ox0c7iaw6c4HacHMRLGw7FUSXvomPaEQ==}
    cpu: [riscv64]
    os: [linux]
    libc: [glibc]

  '@dprint/linux-x64-glibc@0.54.0':
    resolution: {integrity: sha512-zZqj3wQELOX8n6QfT2uuWoMf64Wv0lMXNyam3btm+PKkg0P6a54TPL09Bs9XsViOdxgTcamsiQ7HlErt/LEjIA==}
    cpu: [x64]
    os: [linux]
    libc: [glibc]

  '@dprint/linux-x64-musl@0.54.0':
    resolution: {integrity: sha512-it6Qdt06dyW2adbAXpOCb7/KQLxlm4i1UphUAWqWsZk4t3EYetyAza9J0g3Vu9itIWSEIo9MnccgANckQJ6+qw==}
    cpu: [x64]
    os: [linux]
    libc: [musl]

  '@dprint/win32-arm64@0.54.0':
    resolution: {integrity: sha512-F5kjV/6I9YtNOTDWHUpTqM2HHHS510BPL7z4NJuU0nDnaVeks7GwNEltGr56CcsG8XQYhkiAsqZytPu6AhA2hQ==}
    cpu: [arm64]
    os: [win32]

  '@dprint/win32-x64@0.54.0':
    resolution: {integrity: sha512-AAr2ye/DtgYXDplRoPS+5U++x7T6W4a3I9FvTFWFxziFmUptvAg5G2c4FcXoAduSruhYZJvjDZrLseR2c3IwXg==}
    cpu: [x64]
    os: [win32]

  '@types/node@24.10.3':
    resolution: {integrity: sha512-gqkrWUsS8hcm0r44yn7/xZeV1ERva/nLgrLxFRUGb7aoNMIJfZJ3AC261zDQuOAKC7MiXai1WCpYc48jAHoShQ==}

  dprint@0.54.0:
    resolution: {integrity: sha512-sIy25poR2gRP/tWPTgP0MPeJoJcpv0xzYDcsboapvthbEt1Qw3Al252CA0xFyIh2cYEGGKyBJtKokryv4ERlJw==}
    hasBin: true

  undici-types@7.16.0:
    resolution: {integrity: sha512-Zz+aZWSj8LE6zoxD+xrjh4VfkIG8Ya6LvYkZqtUQGJPZjYl53ypCaUwWqo7eI0x66KBGeRo+mlBEkMSeSZ38Nw==}

snapshots:

  '@dprint/darwin-arm64@0.54.0':
    optional: true

  '@dprint/darwin-x64@0.54.0':
    optional: true

  '@dprint/linux-arm64-glibc@0.54.0':
    optional: true

  '@dprint/linux-arm64-musl@0.54.0':
    optional: true

  '@dprint/linux-loong64-glibc@0.54.0':
    optional: true

  '@dprint/linux-loong64-musl@0.54.0':
    optional: true

  '@dprint/linux-riscv64-glibc@0.54.0':
    optional: true

  '@dprint/linux-x64-glibc@0.54.0':
    optional: true

  '@dprint/linux-x64-musl@0.54.0':
    optional: true

  '@dprint/win32-arm64@0.54.0':
    optional: true

  '@dprint/win32-x64@0.54.0':
    optional: true

  '@types/node@24.10.3':
    dependencies:
      undici-types: 7.16.0

  dprint@0.54.0:
    optionalDependencies:
      '@dprint/darwin-arm64': 0.54.0
      '@dprint/darwin-x64': 0.54.0
      '@dprint/linux-arm64-glibc': 0.54.0
      '@dprint/linux-arm64-musl': 0.54.0
      '@dprint/linux-loong64-glibc': 0.54.0
      '@dprint/linux-loong64-musl': 0.54.0
      '@dprint/linux-riscv64-glibc': 0.54.0
      '@dprint/linux-x64-glibc': 0.54.0
      '@dprint/linux-x64-musl': 0.54.0
      '@dprint/win32-arm64': 0.54.0
      '@dprint/win32-x64': 0.54.0

  undici-types@7.16.0: {}
